
Microsoft Visual Studio Solution File, Format Version 12.00
# Visual Studio Version 17
VisualStudioVersion = 17.13.35931.197
MinimumVisualStudioVersion = 10.0.40219.1
Project("{2150E333-8FDC-42A3-9474-1A3956D46DE8}") = "src", "src", "{02EA681E-C7D8-13C7-8484-4AC65E1B71E8}"
EndProject
Project("{FAE04EC0-301F-11D3-BF4B-00C04F79EFBC}") = "Application", "Application\Application.csproj", "{D3415EC5-37C1-4B4F-988C-550A9E562140}"
EndProject
Project("{FAE04EC0-301F-11D3-BF4B-00C04F79EFBC}") = "Domain", "Domain\Domain.csproj", "{D39D137A-10B8-4DE6-AD2A-92AB8E93E660}"
EndProject
Project("{FAE04EC0-301F-11D3-BF4B-00C04F79EFBC}") = "Infrastructure", "Infrastructure\Infrastructure.csproj", "{E1DE1635-60B1-4DF6-A95C-503EE66711B5}"
EndProject
Project("{FAE04EC0-301F-11D3-BF4B-00C04F79EFBC}") = "WebAPI", "WebAPI\WebAPI.csproj", "{6DC5D94E-8586-4DB6-B78C-4B374280EF12}"
EndProject
Project("{2150E333-8FDC-42A3-9474-1A3956D46DE8}") = "tests", "tests", "{C6C13FAC-7301-459C-8D8F-6D8EFF1B9FA6}"
EndProject
Project("{FAE04EC0-301F-11D3-BF4B-00C04F79EFBC}") = "TestsApplication", "TestsApplication\TestsApplication.csproj", "{FED32C96-416A-46E7-B814-B67350B3047D}"
EndProject
Global
	GlobalSection(SolutionConfigurationPlatforms) = preSolution
		Debug|Any CPU = Debug|Any CPU
		Release|Any CPU = Release|Any CPU
	EndGlobalSection
	GlobalSection(ProjectConfigurationPlatforms) = postSolution
		{D3415EC5-37C1-4B4F-988C-550A9E562140}.Debug|Any CPU.ActiveCfg = Debug|Any CPU
		{D3415EC5-37C1-4B4F-988C-550A9E562140}.Debug|Any CPU.Build.0 = Debug|Any CPU
		{D3415EC5-37C1-4B4F-988C-550A9E562140}.Release|Any CPU.ActiveCfg = Release|Any CPU
		{D3415EC5-37C1-4B4F-988C-550A9E562140}.Release|Any CPU.Build.0 = Release|Any CPU
		{D39D137A-10B8-4DE6-AD2A-92AB8E93E660}.Debug|Any CPU.ActiveCfg = Debug|Any CPU
		{D39D137A-10B8-4DE6-AD2A-92AB8E93E660}.Debug|Any CPU.Build.0 = Debug|Any CPU
		{D39D137A-10B8-4DE6-AD2A-92AB8E93E660}.Release|Any CPU.ActiveCfg = Release|Any CPU
		{D39D137A-10B8-4DE6-AD2A-92AB8E93E660}.Release|Any CPU.Build.0 = Release|Any CPU
		{E1DE1635-60B1-4DF6-A95C-503EE66711B5}.Debug|Any CPU.ActiveCfg = Debug|Any CPU
		{E1DE1635-60B1-4DF6-A95C-503EE66711B5}.Debug|Any CPU.Build.0 = Debug|Any CPU
		{E1DE1635-60B1-4DF6-A95C-503EE66711B5}.Release|Any CPU.ActiveCfg = Release|Any CPU
		{E1DE1635-60B1-4DF6-A95C-503EE66711B5}.Release|Any CPU.Build.0 = Release|Any CPU
		{6DC5D94E-8586-4DB6-B78C-4B374280EF12}.Debug|Any CPU.ActiveCfg = Debug|Any CPU
		{6DC5D94E-8586-4DB6-B78C-4B374280EF12}.Debug|Any CPU.Build.0 = Debug|Any CPU
		{6DC5D94E-8586-4DB6-B78C-4B374280EF12}.Release|Any CPU.ActiveCfg = Release|Any CPU
		{6DC5D94E-8586-4DB6-B78C-4B374280EF12}.Release|Any CPU.Build.0 = Release|Any CPU
		{FED32C96-416A-46E7-B814-B67350B3047D}.Debug|Any CPU.ActiveCfg = Debug|Any CPU
		{FED32C96-416A-46E7-B814-B67350B3047D}.Debug|Any CPU.Build.0 = Debug|Any CPU
		{FED32C96-416A-46E7-B814-B67350B3047D}.Release|Any CPU.ActiveCfg = Release|Any CPU
		{FED32C96-416A-46E7-B814-B67350B3047D}.Release|Any CPU.Build.0 = Release|Any CPU
	EndGlobalSection
	GlobalSection(SolutionProperties) = preSolution
		HideSolutionNode = FALSE
	EndGlobalSection
	GlobalSection(NestedProjects) = preSolution
		{D3415EC5-37C1-4B4F-988C-550A9E562140} = {02EA681E-C7D8-13C7-8484-4AC65E1B71E8}
		{D39D137A-10B8-4DE6-AD2A-92AB8E93E660} = {02EA681E-C7D8-13C7-8484-4AC65E1B71E8}
		{E1DE1635-60B1-4DF6-A95C-503EE66711B5} = {02EA681E-C7D8-13C7-8484-4AC65E1B71E8}
		{6DC5D94E-8586-4DB6-B78C-4B374280EF12} = {02EA681E-C7D8-13C7-8484-4AC65E1B71E8}
		{FED32C96-416A-46E7-B814-B67350B3047D} = {C6C13FAC-7301-459C-8D8F-6D8EFF1B9FA6}
	EndGlobalSection
	GlobalSection(ExtensibilityGlobals) = postSolution
		SolutionGuid = {657A2E00-FE27-42D4-8280-63EAB07664C1}
	EndGlobalSection
EndGlobal
